
Microsoft Visual Studio Solution File, Format Version 12.00
# Visual Studio Version 17
VisualStudioVersion = 17.11.35312.102
MinimumVisualStudioVersion = 10.0.40219.1
Project("{FAE04EC0-301F-11D3-BF4B-00C04F79EFBC}") = "Aula02", "Aula02\Aula02.csproj", "{4291A526-B876-461F-8936-52DED51CEB9C}"
EndProject
Global
	GlobalSection(SolutionConfigurationPlatforms) = preSolution
		Debug|Any CPU = Debug|Any CPU
		Release|Any CPU = Release|Any CPU
	EndGlobalSection
	GlobalSection(ProjectConfigurationPlatforms) = postSolution
		{4291A526-B876-461F-8936-52DED51CEB9C}.Debug|Any CPU.ActiveCfg = Debug|Any CPU
		{4291A526-B876-461F-8936-52DED51CEB9C}.Debug|Any CPU.Build.0 = Debug|Any CPU
		{4291A526-B876-461F-8936-52DED51CEB9C}.Release|Any CPU.ActiveCfg = Release|Any CPU
		{4291A526-B876-461F-8936-52DED51CEB9C}.Release|Any CPU.Build.0 = Release|Any CPU
	EndGlobalSection
	GlobalSection(SolutionProperties) = preSolution
		HideSolutionNode = FALSE
	EndGlobalSection
	GlobalSection(ExtensibilityGlobals) = postSolution
		SolutionGuid = {28BBFDA9-65AB-40E4-8A7F-72000C9BCDD1}
	EndGlobalSection
EndGlobal
